
Microsoft Visual Studio Solution File, Format Version 12.00
# Visual Studio 2012
Project("{FAE04EC0-301F-11D3-BF4B-00C04F79EFBC}") = "RFM.Api", "RFM.Api\RFM.Api.csproj", "{959744FE-B7FC-4265-AE3F-BCDD818955BD}"
EndProject
Project("{FAE04EC0-301F-11D3-BF4B-00C04F79EFBC}") = "RFM.Manager", "RFM.Manager\RFM.Manager.csproj", "{6F292944-BC1D-4DC0-9A25-3F6D07CB1222}"
EndProject
Project("{FAE04EC0-301F-11D3-BF4B-00C04F79EFBC}") = "RFM.UnitTest", "RFM.UnitTest\RFM.UnitTest.csproj", "{19792353-BD76-44E2-8DB4-0F02A64FC82A}"
EndProject
Global
	GlobalSection(SolutionConfigurationPlatforms) = preSolution
		Debug|Any CPU = Debug|Any CPU
		Release|Any CPU = Release|Any CPU
	EndGlobalSection
	GlobalSection(ProjectConfigurationPlatforms) = postSolution
		{959744FE-B7FC-4265-AE3F-BCDD818955BD}.Debug|Any CPU.ActiveCfg = Debug|Any CPU
		{959744FE-B7FC-4265-AE3F-BCDD818955BD}.Debug|Any CPU.Build.0 = Debug|Any CPU
		{959744FE-B7FC-4265-AE3F-BCDD818955BD}.Release|Any CPU.ActiveCfg = Release|Any CPU
		{959744FE-B7FC-4265-AE3F-BCDD818955BD}.Release|Any CPU.Build.0 = Release|Any CPU
		{6F292944-BC1D-4DC0-9A25-3F6D07CB1222}.Debug|Any CPU.ActiveCfg = Debug|Any CPU
		{6F292944-BC1D-4DC0-9A25-3F6D07CB1222}.Debug|Any CPU.Build.0 = Debug|Any CPU
		{6F292944-BC1D-4DC0-9A25-3F6D07CB1222}.Release|Any CPU.ActiveCfg = Release|Any CPU
		{6F292944-BC1D-4DC0-9A25-3F6D07CB1222}.Release|Any CPU.Build.0 = Release|Any CPU
		{19792353-BD76-44E2-8DB4-0F02A64FC82A}.Debug|Any CPU.ActiveCfg = Debug|Any CPU
		{19792353-BD76-44E2-8DB4-0F02A64FC82A}.Debug|Any CPU.Build.0 = Debug|Any CPU
		{19792353-BD76-44E2-8DB4-0F02A64FC82A}.Release|Any CPU.ActiveCfg = Release|Any CPU
		{19792353-BD76-44E2-8DB4-0F02A64FC82A}.Release|Any CPU.Build.0 = Release|Any CPU
	EndGlobalSection
EndGlobal
